
Microsoft Visual Studio Solution File, Format Version 12.00
# Visual Studio 15
VisualStudioVersion = 15.0.27703.2042
MinimumVisualStudioVersion = 10.0.40219.1
Project("{FAE04EC0-301F-11D3-BF4B-00C04F79EFBC}") = "App4", "App4\App4.csproj", "{4FBD3C3D-7F55-400B-9E48-C3BFFA27E167}"
EndProject
Global
	GlobalSection(SolutionConfigurationPlatforms) = preSolution
		Debug|Any CPU = Debug|Any CPU
		Release|Any CPU = Release|Any CPU
	EndGlobalSection
	GlobalSection(ProjectConfigurationPlatforms) = postSolution
		{4FBD3C3D-7F55-400B-9E48-C3BFFA27E167}.Debug|Any CPU.ActiveCfg = Debug|Any CPU
		{4FBD3C3D-7F55-400B-9E48-C3BFFA27E167}.Debug|Any CPU.Build.0 = Debug|Any CPU
		{4FBD3C3D-7F55-400B-9E48-C3BFFA27E167}.Debug|Any CPU.Deploy.0 = Debug|Any CPU
		{4FBD3C3D-7F55-400B-9E48-C3BFFA27E167}.Release|Any CPU.ActiveCfg = Release|Any CPU
		{4FBD3C3D-7F55-400B-9E48-C3BFFA27E167}.Release|Any CPU.Build.0 = Release|Any CPU
		{4FBD3C3D-7F55-400B-9E48-C3BFFA27E167}.Release|Any CPU.Deploy.0 = Release|Any CPU
	EndGlobalSection
	GlobalSection(SolutionProperties) = preSolution
		HideSolutionNode = FALSE
	EndGlobalSection
	GlobalSection(ExtensibilityGlobals) = postSolution
		SolutionGuid = {CD66AC83-B251-4D3F-B6B0-057CE4E42613}
	EndGlobalSection
EndGlobal
